// !$*UTF8*$!
{
	archiveVersion = 1;
	classes = {
	};
	objectVersion = 50;
	objects = {

/* Begin PBXBuildFile section */
		50A60C1B22EFEA6400DFA439 /* AppDelegate.swift in Sources */ = {isa = PBXBuildFile; fileRef = 50A60C1A22EFEA6400DFA439 /* AppDelegate.swift */; };
		50A60C1D22EFEA6400DFA439 /* MasterViewController.swift in Sources */ = {isa = PBXBuildFile; fileRef = 50A60C1C22EFEA6400DFA439 /* MasterViewController.swift */; };
		50A60C1F22EFEA6400DFA439 /* DetailViewController.swift in Sources */ = {isa = PBXBuildFile; fileRef = 50A60C1E22EFEA6400DFA439 /* DetailViewController.swift */; };
		50A60C2222EFEA6400DFA439 /* Main.storyboard in Resources */ = {isa = PBXBuildFile; fileRef = 50A60C2022EFEA6400DFA439 /* Main.storyboard */; };
		50A60C2422EFEA6500DFA439 /* Assets.xcassets in Resources */ = {isa = PBXBuildFile; fileRef = 50A60C2322EFEA6500DFA439 /* Assets.xcassets */; };
		50A60C2722EFEA6500DFA439 /* LaunchScreen.storyboard in Resources */ = {isa = PBXBuildFile; fileRef = 50A60C2522EFEA6500DFA439 /* LaunchScreen.storyboard */; };
		50A60C3222EFEA6500DFA439 /* ItunesAPITests.swift in Sources */ = {isa = PBXBuildFile; fileRef = 50A60C3122EFEA6500DFA439 /* ItunesAPITests.swift */; };
		50A60C3D22EFEA6500DFA439 /* ItunesAPIUITests.swift in Sources */ = {isa = PBXBuildFile; fileRef = 50A60C3C22EFEA6500DFA439 /* ItunesAPIUITests.swift */; };
		A6F477786806AC9022ABA6A5 /* Pods_ItunesAPI.framework in Frameworks */ = {isa = PBXBuildFile; fileRef = 5971281747A3F3389D2EA7E9 /* Pods_ItunesAPI.framework */; };
		CD22A4FF27501896AEC4CFA8 /* Pods_ItunesAPITests.framework in Frameworks */ = {isa = PBXBuildFile; fileRef = 9A2A7690B8FBDD5968F20EC7 /* Pods_ItunesAPITests.framework */; };
		E5643D39D91D9A34896DD5CB /* Pods_ItunesAPIUITests.framework in Frameworks */ = {isa = PBXBuildFile; fileRef = 7029965E23375D6F29D46FA3 /* Pods_ItunesAPIUITests.framework */; };
/* End PBXBuildFile section */

/* Begin PBXContainerItemProxy section */
		50A60C2E22EFEA6500DFA439 /* PBXContainerItemProxy */ = {
			isa = PBXContainerItemProxy;
			containerPortal = 50A60C0F22EFEA6400DFA439 /* Project object */;
			proxyType = 1;
			remoteGlobalIDString = 50A60C1622EFEA6400DFA439;
			remoteInfo = ItunesAPI;
		};
		50A60C3922EFEA6500DFA439 /* PBXContainerItemProxy */ = {
			isa = PBXContainerItemProxy;
			containerPortal = 50A60C0F22EFEA6400DFA439 /* Project object */;
			proxyType = 1;
			remoteGlobalIDString = 50A60C1622EFEA6400DFA439;
			remoteInfo = ItunesAPI;
		};
/* End PBXContainerItemProxy section */

/* Begin PBXFileReference section */
		50A60C1722EFEA6400DFA439 /* ItunesAPI.app */ = {isa = PBXFileReference; explicitFileType = wrapper.application; includeInIndex = 0; path = ItunesAPI.app; sourceTree = BUILT_PRODUCTS_DIR; };
		50A60C1A22EFEA6400DFA439 /* AppDelegate.swift */ = {isa = PBXFileReference; lastKnownFileType = sourcecode.swift; path = AppDelegate.swift; sourceTree = "<group>"; };
		50A60C1C22EFEA6400DFA439 /* MasterViewController.swift */ = {isa = PBXFileReference; lastKnownFileType = sourcecode.swift; path = MasterViewController.swift; sourceTree = "<group>"; };
		50A60C1E22EFEA6400DFA439 /* DetailViewController.swift */ = {isa = PBXFileReference; lastKnownFileType = sourcecode.swift; path = DetailViewController.swift; sourceTree = "<group>"; };
		50A60C2122EFEA6400DFA439 /* Base */ = {isa = PBXFileReference; lastKnownFileType = file.storyboard; name = Base; path = Base.lproj/Main.storyboard; sourceTree = "<group>"; };
		50A60C2322EFEA6500DFA439 /* Assets.xcassets */ = {isa = PBXFileReference; lastKnownFileType = folder.assetcatalog; path = Assets.xcassets; sourceTree = "<group>"; };
		50A60C2622EFEA6500DFA439 /* Base */ = {isa = PBXFileReference; lastKnownFileType = file.storyboard; name = Base; path = Base.lproj/LaunchScreen.storyboard; sourceTree = "<group>"; };
		50A60C2822EFEA6500DFA439 /* Info.plist */ = {isa = PBXFileReference; lastKnownFileType = text.plist.xml; path = Info.plist; sourceTree = "<group>"; };
		50A60C2D22EFEA6500DFA439 /* ItunesAPITests.xctest */ = {isa = PBXFileReference; explicitFileType = wrapper.cfbundle; includeInIndex = 0; path = ItunesAPITests.xctest; sourceTree = BUILT_PRODUCTS_DIR; };
		50A60C3122EFEA6500DFA439 /* ItunesAPITests.swift */ = {isa = PBXFileReference; lastKnownFileType = sourcecode.swift; path = ItunesAPITests.swift; sourceTree = "<group>"; };
		50A60C3322EFEA6500DFA439 /* Info.plist */ = {isa = PBXFileReference; lastKnownFileType = text.plist.xml; path = Info.plist; sourceTree = "<group>"; };
		50A60C3822EFEA6500DFA439 /* ItunesAPIUITests.xctest */ = {isa = PBXFileReference; explicitFileType = wrapper.cfbundle; includeInIndex = 0; path = ItunesAPIUITests.xctest; sourceTree = BUILT_PRODUCTS_DIR; };
		50A60C3C22EFEA6500DFA439 /* ItunesAPIUITests.swift */ = {isa = PBXFileReference; lastKnownFileType = sourcecode.swift; path = ItunesAPIUITests.swift; sourceTree = "<group>"; };
		50A60C3E22EFEA6500DFA439 /* Info.plist */ = {isa = PBXFileReference; lastKnownFileType = text.plist.xml; path = Info.plist; sourceTree = "<group>"; };
		5971281747A3F3389D2EA7E9 /* Pods_ItunesAPI.framework */ = {isa = PBXFileReference; explicitFileType = wrapper.framework; includeInIndex = 0; path = Pods_ItunesAPI.framework; sourceTree = BUILT_PRODUCTS_DIR; };
		7029965E23375D6F29D46FA3 /* Pods_ItunesAPIUITests.framework */ = {isa = PBXFileReference; explicitFileType = wrapper.framework; includeInIndex = 0; path = Pods_ItunesAPIUITests.framework; sourceTree = BUILT_PRODUCTS_DIR; };
		94BC20678E28C0B47116ED46 /* Pods-ItunesAPI.debug.xcconfig */ = {isa = PBXFileReference; includeInIndex = 1; lastKnownFileType = text.xcconfig; name = "Pods-ItunesAPI.debug.xcconfig"; path = "Pods/Target Support Files/Pods-ItunesAPI/Pods-ItunesAPI.debug.xcconfig"; sourceTree = "<group>"; };
		9A2A7690B8FBDD5968F20EC7 /* Pods_ItunesAPITests.framework */ = {isa = PBXFileReference; explicitFileType = wrapper.framework; includeInIndex = 0; path = Pods_ItunesAPITests.framework; sourceTree = BUILT_PRODUCTS_DIR; };
		B069FAD8A2090A7F6C7A25EF /* Pods-ItunesAPIUITests.debug.xcconfig */ = {isa = PBXFileReference; includeInIndex = 1; lastKnownFileType = text.xcconfig; name = "Pods-ItunesAPIUITests.debug.xcconfig"; path = "Pods/Target Support Files/Pods-ItunesAPIUITests/Pods-ItunesAPIUITests.debug.xcconfig"; sourceTree = "<group>"; };
		DF592DD850A45A41C9F4C156 /* Pods-ItunesAPITests.release.xcconfig */ = {isa = PBXFileReference; includeInIndex = 1; lastKnownFileType = text.xcconfig; name = "Pods-ItunesAPITests.release.xcconfig"; path = "Pods/Target Support Files/Pods-ItunesAPITests/Pods-ItunesAPITests.release.xcconfig"; sourceTree = "<group>"; };
		E1668EDE5DFEB574BA4AE40F /* Pods-ItunesAPI.release.xcconfig */ = {isa = PBXFileReference; includeInIndex = 1; lastKnownFileType = text.xcconfig; name = "Pods-ItunesAPI.release.xcconfig"; path = "Pods/Target Support Files/Pods-ItunesAPI/Pods-ItunesAPI.release.xcconfig"; sourceTree = "<group>"; };
		EA09A9058B5D16393D9CFB14 /* Pods-ItunesAPITests.debug.xcconfig */ = {isa = PBXFileReference; includeInIndex = 1; lastKnownFileType = text.xcconfig; name = "Pods-ItunesAPITests.debug.xcconfig"; path = "Pods/Target Support Files/Pods-ItunesAPITests/Pods-ItunesAPITests.debug.xcconfig"; sourceTree = "<group>"; };
		F89212C636474FA8CE182862 /* Pods-ItunesAPIUITests.release.xcconfig */ = {isa = PBXFileReference; includeInIndex = 1; lastKnownFileType = text.xcconfig; name = "Pods-ItunesAPIUITests.release.xcconfig"; path = "Pods/Target Support Files/Pods-ItunesAPIUITests/Pods-ItunesAPIUITests.release.xcconfig"; sourceTree = "<group>"; };
/* End PBXFileReference section */

/* Begin PBXFrameworksBuildPhase section */
		50A60C1422EFEA6400DFA439 /* Frameworks */ = {
			isa = PBXFrameworksBuildPhase;
			buildActionMask = 2147483647;
			files = (
				A6F477786806AC9022ABA6A5 /* Pods_ItunesAPI.framework in Frameworks */,
			);
			runOnlyForDeploymentPostprocessing = 0;
		};
		50A60C2A22EFEA6500DFA439 /* Frameworks */ = {
			isa = PBXFrameworksBuildPhase;
			buildActionMask = 2147483647;
			files = (
				CD22A4FF27501896AEC4CFA8 /* Pods_ItunesAPITests.framework in Frameworks */,
			);
			runOnlyForDeploymentPostprocessing = 0;
		};
		50A60C3522EFEA6500DFA439 /* Frameworks */ = {
			isa = PBXFrameworksBuildPhase;
			buildActionMask = 2147483647;
			files = (
				E5643D39D91D9A34896DD5CB /* Pods_ItunesAPIUITests.framework in Frameworks */,
			);
			runOnlyForDeploymentPostprocessing = 0;
		};
/* End PBXFrameworksBuildPhase section */

/* Begin PBXGroup section */
		3BF1F862410C796E63C09295 /* Frameworks */ = {
			isa = PBXGroup;
			children = (
				5971281747A3F3389D2EA7E9 /* Pods_ItunesAPI.framework */,
				9A2A7690B8FBDD5968F20EC7 /* Pods_ItunesAPITests.framework */,
				7029965E23375D6F29D46FA3 /* Pods_ItunesAPIUITests.framework */,
			);
			name = Frameworks;
			sourceTree = "<group>";
		};
		50A60C0E22EFEA6400DFA439 = {
			isa = PBXGroup;
			children = (
				50A60C1922EFEA6400DFA439 /* ItunesAPI */,
				50A60C3022EFEA6500DFA439 /* ItunesAPITests */,
				50A60C3B22EFEA6500DFA439 /* ItunesAPIUITests */,
				50A60C1822EFEA6400DFA439 /* Products */,
				F036DD8C5B0B2C586F6A314C /* Pods */,
				3BF1F862410C796E63C09295 /* Frameworks */,
			);
			sourceTree = "<group>";
		};
		50A60C1822EFEA6400DFA439 /* Products */ = {
			isa = PBXGroup;
			children = (
				50A60C1722EFEA6400DFA439 /* ItunesAPI.app */,
				50A60C2D22EFEA6500DFA439 /* ItunesAPITests.xctest */,
				50A60C3822EFEA6500DFA439 /* ItunesAPIUITests.xctest */,
			);
			name = Products;
			sourceTree = "<group>";
		};
		50A60C1922EFEA6400DFA439 /* ItunesAPI */ = {
			isa = PBXGroup;
			children = (
				50A60C1A22EFEA6400DFA439 /* AppDelegate.swift */,
				50A60C1C22EFEA6400DFA439 /* MasterViewController.swift */,
				50A60C1E22EFEA6400DFA439 /* DetailViewController.swift */,
				50A60C2022EFEA6400DFA439 /* Main.storyboard */,
				50A60C2322EFEA6500DFA439 /* Assets.xcassets */,
				50A60C2522EFEA6500DFA439 /* LaunchScreen.storyboard */,
				50A60C2822EFEA6500DFA439 /* Info.plist */,
			);
			path = ItunesAPI;
			sourceTree = "<group>";
		};
		50A60C3022EFEA6500DFA439 /* ItunesAPITests */ = {
			isa = PBXGroup;
			children = (
				50A60C3122EFEA6500DFA439 /* ItunesAPITests.swift */,
				50A60C3322EFEA6500DFA439 /* Info.plist */,
			);
			path = ItunesAPITests;
			sourceTree = "<group>";
		};
		50A60C3B22EFEA6500DFA439 /* ItunesAPIUITests */ = {
			isa = PBXGroup;
			children = (
				50A60C3C22EFEA6500DFA439 /* ItunesAPIUITests.swift */,
				50A60C3E22EFEA6500DFA439 /* Info.plist */,
			);
			path = ItunesAPIUITests;
			sourceTree = "<group>";
		};
		F036DD8C5B0B2C586F6A314C /* Pods */ = {
			isa = PBXGroup;
			children = (
				94BC20678E28C0B47116ED46 /* Pods-ItunesAPI.debug.xcconfig */,
				E1668EDE5DFEB574BA4AE40F /* Pods-ItunesAPI.release.xcconfig */,
				EA09A9058B5D16393D9CFB14 /* Pods-ItunesAPITests.debug.xcconfig */,
				DF592DD850A45A41C9F4C156 /* Pods-ItunesAPITests.release.xcconfig */,
				B069FAD8A2090A7F6C7A25EF /* Pods-ItunesAPIUITests.debug.xcconfig */,
				F89212C636474FA8CE182862 /* Pods-ItunesAPIUITests.release.xcconfig */,
			);
			name = Pods;
			sourceTree = "<group>";
		};
/* End PBXGroup section */

/* Begin PBXNativeTarget section */
		50A60C1622EFEA6400DFA439 /* ItunesAPI */ = {
			isa = PBXNativeTarget;
			buildConfigurationList = 50A60C4122EFEA6500DFA439 /* Build configuration list for PBXNativeTarget "ItunesAPI" */;
			buildPhases = (
				84AC087BCDE96A3894F45D43 /* [CP] Check Pods Manifest.lock */,
				50A60C1322EFEA6400DFA439 /* Sources */,
				50A60C1422EFEA6400DFA439 /* Frameworks */,
				50A60C1522EFEA6400DFA439 /* Resources */,
				A9417DA2CA80040EF92C31C2 /* [CP] Embed Pods Frameworks */,
			);
			buildRules = (
			);
			dependencies = (
			);
			name = ItunesAPI;
			productName = ItunesAPI;
			productReference = 50A60C1722EFEA6400DFA439 /* ItunesAPI.app */;
			productType = "com.apple.product-type.application";
		};
		50A60C2C22EFEA6500DFA439 /* ItunesAPITests */ = {
			isa = PBXNativeTarget;
			buildConfigurationList = 50A60C4422EFEA6500DFA439 /* Build configuration list for PBXNativeTarget "ItunesAPITests" */;
			buildPhases = (
				60EFD8E7AFDB11E60C811EE0 /* [CP] Check Pods Manifest.lock */,
				50A60C2922EFEA6500DFA439 /* Sources */,
				50A60C2A22EFEA6500DFA439 /* Frameworks */,
				50A60C2B22EFEA6500DFA439 /* Resources */,
			);
			buildRules = (
			);
			dependencies = (
				50A60C2F22EFEA6500DFA439 /* PBXTargetDependency */,
			);
			name = ItunesAPITests;
			productName = ItunesAPITests;
			productReference = 50A60C2D22EFEA6500DFA439 /* ItunesAPITests.xctest */;
			productType = "com.apple.product-type.bundle.unit-test";
		};
		50A60C3722EFEA6500DFA439 /* ItunesAPIUITests */ = {
			isa = PBXNativeTarget;
			buildConfigurationList = 50A60C4722EFEA6500DFA439 /* Build configuration list for PBXNativeTarget "ItunesAPIUITests" */;
			buildPhases = (
				E044DD58D7A0FD0FF5038881 /* [CP] Check Pods Manifest.lock */,
				50A60C3422EFEA6500DFA439 /* Sources */,
				50A60C3522EFEA6500DFA439 /* Frameworks */,
				50A60C3622EFEA6500DFA439 /* Resources */,
			);
			buildRules = (
			);
			dependencies = (
				50A60C3A22EFEA6500DFA439 /* PBXTargetDependency */,
			);
			name = ItunesAPIUITests;
			productName = ItunesAPIUITests;
			productReference = 50A60C3822EFEA6500DFA439 /* ItunesAPIUITests.xctest */;
			productType = "com.apple.product-type.bundle.ui-testing";
		};
/* End PBXNativeTarget section */

/* Begin PBXProject section */
		50A60C0F22EFEA6400DFA439 /* Project object */ = {
			isa = PBXProject;
			attributes = {
				LastSwiftUpdateCheck = 1010;
				LastUpgradeCheck = 1010;
				ORGANIZATIONNAME = "Alberto Gaudicos Jr";
				TargetAttributes = {
					50A60C1622EFEA6400DFA439 = {
						CreatedOnToolsVersion = 10.1;
					};
					50A60C2C22EFEA6500DFA439 = {
						CreatedOnToolsVersion = 10.1;
						TestTargetID = 50A60C1622EFEA6400DFA439;
					};
					50A60C3722EFEA6500DFA439 = {
						CreatedOnToolsVersion = 10.1;
						TestTargetID = 50A60C1622EFEA6400DFA439;
					};
				};
			};
			buildConfigurationList = 50A60C1222EFEA6400DFA439 /* Build configuration list for PBXProject "ItunesAPI" */;
			compatibilityVersion = "Xcode 9.3";
			developmentRegion = en;
			hasScannedForEncodings = 0;
			knownRegions = (
				en,
				Base,
			);
			mainGroup = 50A60C0E22EFEA6400DFA439;
			productRefGroup = 50A60C1822EFEA6400DFA439 /* Products */;
			projectDirPath = "";
			projectRoot = "";
			targets = (
				50A60C1622EFEA6400DFA439 /* ItunesAPI */,
				50A60C2C22EFEA6500DFA439 /* ItunesAPITests */,
				50A60C3722EFEA6500DFA439 /* ItunesAPIUITests */,
			);
		};
/* End PBXProject section */

/* Begin PBXResourcesBuildPhase section */
		50A60C1522EFEA6400DFA439 /* Resources */ = {
			isa = PBXResourcesBuildPhase;
			buildActionMask = 2147483647;
			files = (
				50A60C2722EFEA6500DFA439 /* LaunchScreen.storyboard in Resources */,
				50A60C2422EFEA6500DFA439 /* Assets.xcassets in Resources */,
				50A60C2222EFEA6400DFA439 /* Main.storyboard in Resources */,
			);
			runOnlyForDeploymentPostprocessing = 0;
		};
		50A60C2B22EFEA6500DFA439 /* Resources */ = {
			isa = PBXResourcesBuildPhase;
			buildActionMask = 2147483647;
			files = (
			);
			runOnlyForDeploymentPostprocessing = 0;
		};
		50A60C3622EFEA6500DFA439 /* Resources */ = {
			isa = PBXResourcesBuildPhase;
			buildActionMask = 2147483647;
			files = (
			);
			runOnlyForDeploymentPostprocessing = 0;
		};
/* End PBXResourcesBuildPhase section */

/* Begin PBXShellScriptBuildPhase section */
		60EFD8E7AFDB11E60C811EE0 /* [CP] Check Pods Manifest.lock */ = {
			isa = PBXShellScriptBuildPhase;
			buildActionMask = 2147483647;
			files = (
			);
			inputFileListPaths = (
			);
			inputPaths = (
				"${PODS_PODFILE_DIR_PATH}/Podfile.lock",
				"${PODS_ROOT}/Manifest.lock",
			);
			name = "[CP] Check Pods Manifest.lock";
			outputFileListPaths = (
			);
			outputPaths = (
				"$(DERIVED_FILE_DIR)/Pods-ItunesAPITests-checkManifestLockResult.txt",
			);
			runOnlyForDeploymentPostprocessing = 0;
			shellPath = /bin/sh;
			shellScript = "diff \"${PODS_PODFILE_DIR_PATH}/Podfile.lock\" \"${PODS_ROOT}/Manifest.lock\" > /dev/null\nif [ $? != 0 ] ; then\n    # print error to STDERR\n    echo \"error: The sandbox is not in sync with the Podfile.lock. Run 'pod install' or update your CocoaPods installation.\" >&2\n    exit 1\nfi\n# This output is used by Xcode 'outputs' to avoid re-running this script phase.\necho \"SUCCESS\" > \"${SCRIPT_OUTPUT_FILE_0}\"\n";
			showEnvVarsInLog = 0;
		};
		84AC087BCDE96A3894F45D43 /* [CP] Check Pods Manifest.lock */ = {
			isa = PBXShellScriptBuildPhase;
			buildActionMask = 2147483647;
			files = (
			);
			inputFileListPaths = (
			);
			inputPaths = (
				"${PODS_PODFILE_DIR_PATH}/Podfile.lock",
				"${PODS_ROOT}/Manifest.lock",
			);
			name = "[CP] Check Pods Manifest.lock";
			outputFileListPaths = (
			);
			outputPaths = (
				"$(DERIVED_FILE_DIR)/Pods-ItunesAPI-checkManifestLockResult.txt",
			);
			runOnlyForDeploymentPostprocessing = 0;
			shellPath = /bin/sh;
			shellScript = "diff \"${PODS_PODFILE_DIR_PATH}/Podfile.lock\" \"${PODS_ROOT}/Manifest.lock\" > /dev/null\nif [ $? != 0 ] ; then\n    # print error to STDERR\n    echo \"error: The sandbox is not in sync with the Podfile.lock. Run 'pod install' or update your CocoaPods installation.\" >&2\n    exit 1\nfi\n# This output is used by Xcode 'outputs' to avoid re-running this script phase.\necho \"SUCCESS\" > \"${SCRIPT_OUTPUT_FILE_0}\"\n";
			showEnvVarsInLog = 0;
		};
		A9417DA2CA80040EF92C31C2 /* [CP] Embed Pods Frameworks */ = {
			isa = PBXShellScriptBuildPhase;
			buildActionMask = 2147483647;
			files = (
			);
			inputFileListPaths = (
			);
			inputPaths = (
				"${SRCROOT}/Pods/Target Support Files/Pods-ItunesAPI/Pods-ItunesAPI-frameworks.sh",
				"${BUILT_PRODUCTS_DIR}/Alamofire/Alamofire.framework",
				"${BUILT_PRODUCTS_DIR}/Moya/Moya.framework",
				"${BUILT_PRODUCTS_DIR}/Nuke/Nuke.framework",
				"${BUILT_PRODUCTS_DIR}/Result/Result.framework",
				"${BUILT_PRODUCTS_DIR}/SwiftyJSON/SwiftyJSON.framework",
			);
			name = "[CP] Embed Pods Frameworks";
			outputFileListPaths = (
			);
			outputPaths = (
				"${TARGET_BUILD_DIR}/${FRAMEWORKS_FOLDER_PATH}/Alamofire.framework",
				"${TARGET_BUILD_DIR}/${FRAMEWORKS_FOLDER_PATH}/Moya.framework",
				"${TARGET_BUILD_DIR}/${FRAMEWORKS_FOLDER_PATH}/Nuke.framework",
				"${TARGET_BUILD_DIR}/${FRAMEWORKS_FOLDER_PATH}/Result.framework",
				"${TARGET_BUILD_DIR}/${FRAMEWORKS_FOLDER_PATH}/SwiftyJSON.framework",
			);
			runOnlyForDeploymentPostprocessing = 0;
			shellPath = /bin/sh;
			shellScript = "\"${SRCROOT}/Pods/Target Support Files/Pods-ItunesAPI/Pods-ItunesAPI-frameworks.sh\"\n";
			showEnvVarsInLog = 0;
		};
		E044DD58D7A0FD0FF5038881 /* [CP] Check Pods Manifest.lock */ = {
			isa = PBXShellScriptBuildPhase;
			buildActionMask = 2147483647;
			files = (
			);
			inputFileListPaths = (
			);
			inputPaths = (
				"${PODS_PODFILE_DIR_PATH}/Podfile.lock",
				"${PODS_ROOT}/Manifest.lock",
			);
			name = "[CP] Check Pods Manifest.lock";
			outputFileListPaths = (
			);
			outputPaths = (
				"$(DERIVED_FILE_DIR)/Pods-ItunesAPIUITests-checkManifestLockResult.txt",
			);
			runOnlyForDeploymentPostprocessing = 0;
			shellPath = /bin/sh;
			shellScript = "diff \"${PODS_PODFILE_DIR_PATH}/Podfile.lock\" \"${PODS_ROOT}/Manifest.lock\" > /dev/null\nif [ $? != 0 ] ; then\n    # print error to STDERR\n    echo \"error: The sandbox is not in sync with the Podfile.lock. Run 'pod install' or update your CocoaPods installation.\" >&2\n    exit 1\nfi\n# This output is used by Xcode 'outputs' to avoid re-running this script phase.\necho \"SUCCESS\" > \"${SCRIPT_OUTPUT_FILE_0}\"\n";
			showEnvVarsInLog = 0;
		};
/* End PBXShellScriptBuildPhase section */

/* Begin PBXSourcesBuildPhase section */
		50A60C1322EFEA6400DFA439 /* Sources */ = {
			isa = PBXSourcesBuildPhase;
			buildActionMask = 2147483647;
			files = (
				50A60C1F22EFEA6400DFA439 /* DetailViewController.swift in Sources */,
				50A60C1D22EFEA6400DFA439 /* MasterViewController.swift in Sources */,
				50A60C1B22EFEA6400DFA439 /* AppDelegate.swift in Sources */,
			);
			runOnlyForDeploymentPostprocessing = 0;
		};
		50A60C2922EFEA6500DFA439 /* Sources */ = {
			isa = PBXSourcesBuildPhase;
			buildActionMask = 2147483647;
			files = (
				50A60C3222EFEA6500DFA439 /* ItunesAPITests.swift in Sources */,
			);
			runOnlyForDeploymentPostprocessing = 0;
		};
		50A60C3422EFEA6500DFA439 /* Sources */ = {
			isa = PBXSourcesBuildPhase;
			buildActionMask = 2147483647;
			files = (
				50A60C3D22EFEA6500DFA439 /* ItunesAPIUITests.swift in Sources */,
			);
			runOnlyForDeploymentPostprocessing = 0;
		};
/* End PBXSourcesBuildPhase section */

/* Begin PBXTargetDependency section */
		50A60C2F22EFEA6500DFA439 /* PBXTargetDependency */ = {
			isa = PBXTargetDependency;
			target = 50A60C1622EFEA6400DFA439 /* ItunesAPI */;
			targetProxy = 50A60C2E22EFEA6500DFA439 /* PBXContainerItemProxy */;
		};
		50A60C3A22EFEA6500DFA439 /* PBXTargetDependency */ = {
			isa = PBXTargetDependency;
			target = 50A60C1622EFEA6400DFA439 /* ItunesAPI */;
			targetProxy = 50A60C3922EFEA6500DFA439 /* PBXContainerItemProxy */;
		};
/* End PBXTargetDependency section */

/* Begin PBXVariantGroup section */
		50A60C2022EFEA6400DFA439 /* Main.storyboard */ = {
			isa = PBXVariantGroup;
			children = (
				50A60C2122EFEA6400DFA439 /* Base */,
			);
			name = Main.storyboard;
			sourceTree = "<group>";
		};
		50A60C2522EFEA6500DFA439 /* LaunchScreen.storyboard */ = {
			isa = PBXVariantGroup;
			children = (
				50A60C2622EFEA6500DFA439 /* Base */,
			);
			name = LaunchScreen.storyboard;
			sourceTree = "<group>";
		};
/* End PBXVariantGroup section */

/* Begin XCBuildConfiguration section */
		50A60C3F22EFEA6500DFA439 /* Debug */ = {
			isa = XCBuildConfiguration;
			buildSettings = {
				ALWAYS_SEARCH_USER_PATHS = NO;
				CLANG_ANALYZER_NONNULL = YES;
				CLANG_ANALYZER_NUMBER_OBJECT_CONVERSION = YES_AGGRESSIVE;
				CLANG_CXX_LANGUAGE_STANDARD = "gnu++14";
				CLANG_CXX_LIBRARY = "libc++";
				CLANG_ENABLE_MODULES = YES;
				CLANG_ENABLE_OBJC_ARC = YES;
				CLANG_ENABLE_OBJC_WEAK = YES;
				CLANG_WARN_BLOCK_CAPTURE_AUTORELEASING = YES;
				CLANG_WARN_BOOL_CONVERSION = YES;
				CLANG_WARN_COMMA = YES;
				CLANG_WARN_CONSTANT_CONVERSION = YES;
				CLANG_WARN_DEPRECATED_OBJC_IMPLEMENTATIONS = YES;
				CLANG_WARN_DIRECT_OBJC_ISA_USAGE = YES_ERROR;
				CLANG_WARN_DOCUMENTATION_COMMENTS = YES;
				CLANG_WARN_EMPTY_BODY = YES;
				CLANG_WARN_ENUM_CONVERSION = YES;
				CLANG_WARN_INFINITE_RECURSION = YES;
				CLANG_WARN_INT_CONVERSION = YES;
				CLANG_WARN_NON_LITERAL_NULL_CONVERSION = YES;
				CLANG_WARN_OBJC_IMPLICIT_RETAIN_SELF = YES;
				CLANG_WARN_OBJC_LITERAL_CONVERSION = YES;
				CLANG_WARN_OBJC_ROOT_CLASS = YES_ERROR;
				CLANG_WARN_RANGE_LOOP_ANALYSIS = YES;
				CLANG_WARN_STRICT_PROTOTYPES = YES;
				CLANG_WARN_SUSPICIOUS_MOVE = YES;
				CLANG_WARN_UNGUARDED_AVAILABILITY = YES_AGGRESSIVE;
				CLANG_WARN_UNREACHABLE_CODE = YES;
				CLANG_WARN__DUPLICATE_METHOD_MATCH = YES;
				CODE_SIGN_IDENTITY = "iPhone Developer";
				COPY_PHASE_STRIP = NO;
				DEBUG_INFORMATION_FORMAT = dwarf;
				ENABLE_STRICT_OBJC_MSGSEND = YES;
				ENABLE_TESTABILITY = YES;
				GCC_C_LANGUAGE_STANDARD = gnu11;
				GCC_DYNAMIC_NO_PIC = NO;
				GCC_NO_COMMON_BLOCKS = YES;
				GCC_OPTIMIZATION_LEVEL = 0;
				GCC_PREPROCESSOR_DEFINITIONS = (
					"DEBUG=1",
					"$(inherited)",
				);
				GCC_WARN_64_TO_32_BIT_CONVERSION = YES;
				GCC_WARN_ABOUT_RETURN_TYPE = YES_ERROR;
				GCC_WARN_UNDECLARED_SELECTOR = YES;
				GCC_WARN_UNINITIALIZED_AUTOS = YES_AGGRESSIVE;
				GCC_WARN_UNUSED_FUNCTION = YES;
				GCC_WARN_UNUSED_VARIABLE = YES;
				IPHONEOS_DEPLOYMENT_TARGET = 12.1;
				MTL_ENABLE_DEBUG_INFO = INCLUDE_SOURCE;
				MTL_FAST_MATH = YES;
				ONLY_ACTIVE_ARCH = YES;
				SDKROOT = iphoneos;
				SWIFT_ACTIVE_COMPILATION_CONDITIONS = DEBUG;
				SWIFT_OPTIMIZATION_LEVEL = "-Onone";
			};
			name = Debug;
		};
		50A60C4022EFEA6500DFA439 /* Release */ = {
			isa = XCBuildConfiguration;
			buildSettings = {
				ALWAYS_SEARCH_USER_PATHS = NO;
				CLANG_ANALYZER_NONNULL = YES;
				CLANG_ANALYZER_NUMBER_OBJECT_CONVERSION = YES_AGGRESSIVE;
				CLANG_CXX_LANGUAGE_STANDARD = "gnu++14";
				CLANG_CXX_LIBRARY = "libc++";
				CLANG_ENABLE_MODULES = YES;
				CLANG_ENABLE_OBJC_ARC = YES;
				CLANG_ENABLE_OBJC_WEAK = YES;
				CLANG_WARN_BLOCK_CAPTURE_AUTORELEASING = YES;
				CLANG_WARN_BOOL_CONVERSION = YES;
				CLANG_WARN_COMMA = YES;
				CLANG_WARN_CONSTANT_CONVERSION = YES;
				CLANG_WARN_DEPRECATED_OBJC_IMPLEMENTATIONS = YES;
				CLANG_WARN_DIRECT_OBJC_ISA_USAGE = YES_ERROR;
				CLANG_WARN_DOCUMENTATION_COMMENTS = YES;
				CLANG_WARN_EMPTY_BODY = YES;
				CLANG_WARN_ENUM_CONVERSION = YES;
				CLANG_WARN_INFINITE_RECURSION = YES;
				CLANG_WARN_INT_CONVERSION = YES;
				CLANG_WARN_NON_LITERAL_NULL_CONVERSION = YES;
				CLANG_WARN_OBJC_IMPLICIT_RETAIN_SELF = YES;
				CLANG_WARN_OBJC_LITERAL_CONVERSION = YES;
				CLANG_WARN_OBJC_ROOT_CLASS = YES_ERROR;
				CLANG_WARN_RANGE_LOOP_ANALYSIS = YES;
				CLANG_WARN_STRICT_PROTOTYPES = YES;
				CLANG_WARN_SUSPICIOUS_MOVE = YES;
				CLANG_WARN_UNGUARDED_AVAILABILITY = YES_AGGRESSIVE;
				CLANG_WARN_UNREACHABLE_CODE = YES;
				CLANG_WARN__DUPLICATE_METHOD_MATCH = YES;
				CODE_SIGN_IDENTITY = "iPhone Developer";
				COPY_PHASE_STRIP = NO;
				DEBUG_INFORMATION_FORMAT = "dwarf-with-dsym";
				ENABLE_NS_ASSERTIONS = NO;
				ENABLE_STRICT_OBJC_MSGSEND = YES;
				GCC_C_LANGUAGE_STANDARD = gnu11;
				GCC_NO_COMMON_BLOCKS = YES;
				GCC_WARN_64_TO_32_BIT_CONVERSION = YES;
				GCC_WARN_ABOUT_RETURN_TYPE = YES_ERROR;
				GCC_WARN_UNDECLARED_SELECTOR = YES;
				GCC_WARN_UNINITIALIZED_AUTOS = YES_AGGRESSIVE;
				GCC_WARN_UNUSED_FUNCTION = YES;
				GCC_WARN_UNUSED_VARIABLE = YES;
				IPHONEOS_DEPLOYMENT_TARGET = 12.1;
				MTL_ENABLE_DEBUG_INFO = NO;
				MTL_FAST_MATH = YES;
				SDKROOT = iphoneos;
				SWIFT_COMPILATION_MODE = wholemodule;
				SWIFT_OPTIMIZATION_LEVEL = "-O";
				VALIDATE_PRODUCT = YES;
			};
			name = Release;
		};
		50A60C4222EFEA6500DFA439 /* Debug */ = {
			isa = XCBuildConfiguration;
			baseConfigurationReference = 94BC20678E28C0B47116ED46 /* Pods-ItunesAPI.debug.xcconfig */;
			buildSettings = {
				ASSETCATALOG_COMPILER_APPICON_NAME = AppIcon;
				CODE_SIGN_STYLE = Automatic;
				DEVELOPMENT_TEAM = 4UJUHDYDHF;
				INFOPLIST_FILE = ItunesAPI/Info.plist;
				LD_RUNPATH_SEARCH_PATHS = (
					"$(inherited)",
					"@executable_path/Frameworks",
				);
				PRODUCT_BUNDLE_IDENTIFIER = com.saskiskye.ItunesAPI;
				PRODUCT_NAME = "$(TARGET_NAME)";
				SWIFT_VERSION = 4.2;
				TARGETED_DEVICE_FAMILY = "1,2";
			};
			name = Debug;
		};
		50A60C4322EFEA6500DFA439 /* Release */ = {
			isa = XCBuildConfiguration;
			baseConfigurationReference = E1668EDE5DFEB574BA4AE40F /* Pods-ItunesAPI.release.xcconfig */;
			buildSettings = {
				ASSETCATALOG_COMPILER_APPICON_NAME = AppIcon;
				CODE_SIGN_STYLE = Automatic;
				DEVELOPMENT_TEAM = 4UJUHDYDHF;
				INFOPLIST_FILE = ItunesAPI/Info.plist;
				LD_RUNPATH_SEARCH_PATHS = (
					"$(inherited)",
					"@executable_path/Frameworks",
				);
				PRODUCT_BUNDLE_IDENTIFIER = com.saskiskye.ItunesAPI;
				PRODUCT_NAME = "$(TARGET_NAME)";
				SWIFT_VERSION = 4.2;
				TARGETED_DEVICE_FAMILY = "1,2";
			};
			name = Release;
		};
		50A60C4522EFEA6500DFA439 /* Debug */ = {
			isa = XCBuildConfiguration;
			baseConfigurationReference = EA09A9058B5D16393D9CFB14 /* Pods-ItunesAPITests.debug.xcconfig */;
			buildSettings = {
				ALWAYS_EMBED_SWIFT_STANDARD_LIBRARIES = YES;
				BUNDLE_LOADER = "$(TEST_HOST)";
				CODE_SIGN_STYLE = Automatic;
				DEVELOPMENT_TEAM = 4UJUHDYDHF;
				INFOPLIST_FILE = ItunesAPITests/Info.plist;
				LD_RUNPATH_SEARCH_PATHS = (
					"$(inherited)",
					"@executable_path/Frameworks",
					"@loader_path/Frameworks",
				);
				PRODUCT_BUNDLE_IDENTIFIER = com.saskiskye.ItunesAPITests;
				PRODUCT_NAME = "$(TARGET_NAME)";
				SWIFT_VERSION = 4.2;
				TARGETED_DEVICE_FAMILY = "1,2";
				TEST_HOST = "$(BUILT_PRODUCTS_DIR)/ItunesAPI.app/ItunesAPI";
			};
			name = Debug;
		};
		50A60C4622EFEA6500DFA439 /* Release */ = {
			isa = XCBuildConfiguration;
			baseConfigurationReference = DF592DD850A45A41C9F4C156 /* Pods-ItunesAPITests.release.xcconfig */;
			buildSettings = {
				ALWAYS_EMBED_SWIFT_STANDARD_LIBRARIES = YES;
				BUNDLE_LOADER = "$(TEST_HOST)";
				CODE_SIGN_STYLE = Automatic;
				DEVELOPMENT_TEAM = 4UJUHDYDHF;
				INFOPLIST_FILE = ItunesAPITests/Info.plist;
				LD_RUNPATH_SEARCH_PATHS = (
					"$(inherited)",
					"@executable_path/Frameworks",
					"@loader_path/Frameworks",
				);
				PRODUCT_BUNDLE_IDENTIFIER = com.saskiskye.ItunesAPITests;
				PRODUCT_NAME = "$(TARGET_NAME)";
				SWIFT_VERSION = 4.2;
				TARGETED_DEVICE_FAMILY = "1,2";
				TEST_HOST = "$(BUILT_PRODUCTS_DIR)/ItunesAPI.app/ItunesAPI";
			};
			name = Release;
		};
		50A60C4822EFEA6500DFA439 /* Debug */ = {
			isa = XCBuildConfiguration;
			baseConfigurationReference = B069FAD8A2090A7F6C7A25EF /* Pods-ItunesAPIUITests.debug.xcconfig */;
			buildSettings = {
				ALWAYS_EMBED_SWIFT_STANDARD_LIBRARIES = YES;
				CODE_SIGN_STYLE = Automatic;
				DEVELOPMENT_TEAM = 4UJUHDYDHF;
				INFOPLIST_FILE = ItunesAPIUITests/Info.plist;
				LD_RUNPATH_SEARCH_PATHS = (
					"$(inherited)",
					"@executable_path/Frameworks",
					"@loader_path/Frameworks",
				);
				PRODUCT_BUNDLE_IDENTIFIER = com.saskiskye.ItunesAPIUITests;
				PRODUCT_NAME = "$(TARGET_NAME)";
				SWIFT_VERSION = 4.2;
				TARGETED_DEVICE_FAMILY = "1,2";
				TEST_TARGET_NAME = ItunesAPI;
			};
			name = Debug;
		};
		50A60C4922EFEA6500DFA439 /* Release */ = {
			isa = XCBuildConfiguration;
			baseConfigurationReference = F89212C636474FA8CE182862 /* Pods-ItunesAPIUITests.release.xcconfig */;
			buildSettings = {
				ALWAYS_EMBED_SWIFT_STANDARD_LIBRARIES = YES;
				CODE_SIGN_STYLE = Automatic;
				DEVELOPMENT_TEAM = 4UJUHDYDHF;
				INFOPLIST_FILE = ItunesAPIUITests/Info.plist;
				LD_RUNPATH_SEARCH_PATHS = (
					"$(inherited)",
					"@executable_path/Frameworks",
					"@loader_path/Frameworks",
				);
				PRODUCT_BUNDLE_IDENTIFIER = com.saskiskye.ItunesAPIUITests;
				PRODUCT_NAME = "$(TARGET_NAME)";
				SWIFT_VERSION = 4.2;
				TARGETED_DEVICE_FAMILY = "1,2";
				TEST_TARGET_NAME = ItunesAPI;
			};
			name = Release;
		};
/* End XCBuildConfiguration section */

/* Begin XCConfigurationList section */
		50A60C1222EFEA6400DFA439 /* Build configuration list for PBXProject "ItunesAPI" */ = {
			isa = XCConfigurationList;
			buildConfigurations = (
				50A60C3F22EFEA6500DFA439 /* Debug */,
				50A60C4022EFEA6500DFA439 /* Release */,
			);
			defaultConfigurationIsVisible = 0;
			defaultConfigurationName = Release;
		};
		50A60C4122EFEA6500DFA439 /* Build configuration list for PBXNativeTarget "ItunesAPI" */ = {
			isa = XCConfigurationList;
			buildConfigurations = (
				50A60C4222EFEA6500DFA439 /* Debug */,
				50A60C4322EFEA6500DFA439 /* Release */,
			);
			defaultConfigurationIsVisible = 0;
			defaultConfigurationName = Release;
		};
		50A60C4422EFEA6500DFA439 /* Build configuration list for PBXNativeTarget "ItunesAPITests" */ = {
			isa = XCConfigurationList;
			buildConfigurations = (
				50A60C4522EFEA6500DFA439 /* Debug */,
				50A60C4622EFEA6500DFA439 /* Release */,
			);
			defaultConfigurationIsVisible = 0;
			defaultConfigurationName = Release;
		};
		50A60C4722EFEA6500DFA439 /* Build configuration list for PBXNativeTarget "ItunesAPIUITests" */ = {
			isa = XCConfigurationList;
			buildConfigurations = (
				50A60C4822EFEA6500DFA439 /* Debug */,
				50A60C4922EFEA6500DFA439 /* Release */,
			);
			defaultConfigurationIsVisible = 0;
			defaultConfigurationName = Release;
		};
/* End XCConfigurationList section */
	};
	rootObject = 50A60C0F22EFEA6400DFA439 /* Project object */;
}
